
Microsoft Visual Studio Solution File, Format Version 12.00
# Visual Studio 14
VisualStudioVersion = 14.0.25420.1
MinimumVisualStudioVersion = 10.0.40219.1
Project("{FAE04EC0-301F-11D3-BF4B-00C04F79EFBC}") = "ParkingService", "ParkingService\ParkingService.csproj", "{A119EE3C-460B-4103-A55F-DE6F79CC3341}"
EndProject
Project("{FAE04EC0-301F-11D3-BF4B-00C04F79EFBC}") = "ParkingService.Data", "ParkingService.Data\ParkingService.Data.csproj", "{15040161-0C9A-4677-A4B7-3608585793E3}"
EndProject
Project("{FAE04EC0-301F-11D3-BF4B-00C04F79EFBC}") = "ParkingService.Domain", "ParkingService.Domain\ParkingService.Domain.csproj", "{70AAD3E4-1D4E-4616-A6F7-43EC778F3FA8}"
EndProject
Global
	GlobalSection(SolutionConfigurationPlatforms) = preSolution
		Debug|Any CPU = Debug|Any CPU
		Release|Any CPU = Release|Any CPU
	EndGlobalSection
	GlobalSection(ProjectConfigurationPlatforms) = postSolution
		{A119EE3C-460B-4103-A55F-DE6F79CC3341}.Debug|Any CPU.ActiveCfg = Debug|Any CPU
		{A119EE3C-460B-4103-A55F-DE6F79CC3341}.Debug|Any CPU.Build.0 = Debug|Any CPU
		{A119EE3C-460B-4103-A55F-DE6F79CC3341}.Release|Any CPU.ActiveCfg = Release|Any CPU
		{A119EE3C-460B-4103-A55F-DE6F79CC3341}.Release|Any CPU.Build.0 = Release|Any CPU
		{15040161-0C9A-4677-A4B7-3608585793E3}.Debug|Any CPU.ActiveCfg = Debug|Any CPU
		{15040161-0C9A-4677-A4B7-3608585793E3}.Debug|Any CPU.Build.0 = Debug|Any CPU
		{15040161-0C9A-4677-A4B7-3608585793E3}.Release|Any CPU.ActiveCfg = Release|Any CPU
		{15040161-0C9A-4677-A4B7-3608585793E3}.Release|Any CPU.Build.0 = Release|Any CPU
		{70AAD3E4-1D4E-4616-A6F7-43EC778F3FA8}.Debug|Any CPU.ActiveCfg = Debug|Any CPU
		{70AAD3E4-1D4E-4616-A6F7-43EC778F3FA8}.Debug|Any CPU.Build.0 = Debug|Any CPU
		{70AAD3E4-1D4E-4616-A6F7-43EC778F3FA8}.Release|Any CPU.ActiveCfg = Release|Any CPU
		{70AAD3E4-1D4E-4616-A6F7-43EC778F3FA8}.Release|Any CPU.Build.0 = Release|Any CPU
	EndGlobalSection
	GlobalSection(SolutionProperties) = preSolution
		HideSolutionNode = FALSE
	EndGlobalSection
EndGlobal
